// !$*UTF8*$!
{
	archiveVersion = 1;
	classes = {
	};
	objectVersion = 46;
	objects = {

/* Begin PBXBuildFile section */
		893093C41CB34E2E0044E208 /* NetworkActivityIndicatorManager.swift in Sources */ = {isa = PBXBuildFile; fileRef = 893093C31CB34E2E0044E208 /* NetworkActivityIndicatorManager.swift */; };
		8966D5251CAC7E7200A8BDD0 /* AppDelegate.swift in Sources */ = {isa = PBXBuildFile; fileRef = 8966D5241CAC7E7200A8BDD0 /* AppDelegate.swift */; };
		8966D5271CAC7E7200A8BDD0 /* ViewController.swift in Sources */ = {isa = PBXBuildFile; fileRef = 8966D5261CAC7E7200A8BDD0 /* ViewController.swift */; };
		8966D52A1CAC7E7200A8BDD0 /* Main.storyboard in Resources */ = {isa = PBXBuildFile; fileRef = 8966D5281CAC7E7200A8BDD0 /* Main.storyboard */; };
		8966D52C1CAC7E7200A8BDD0 /* Assets.xcassets in Resources */ = {isa = PBXBuildFile; fileRef = 8966D52B1CAC7E7200A8BDD0 /* Assets.xcassets */; };
		8966D52F1CAC7E7200A8BDD0 /* LaunchScreen.storyboard in Resources */ = {isa = PBXBuildFile; fileRef = 8966D52D1CAC7E7200A8BDD0 /* LaunchScreen.storyboard */; };
		8966D53A1CAC7E7200A8BDD0 /* TwitterTests.swift in Sources */ = {isa = PBXBuildFile; fileRef = 8966D5391CAC7E7200A8BDD0 /* TwitterTests.swift */; };
		8966D5451CAC7E7200A8BDD0 /* TwitterUITests.swift in Sources */ = {isa = PBXBuildFile; fileRef = 8966D5441CAC7E7200A8BDD0 /* TwitterUITests.swift */; };
		8966D5591CAC7EC900A8BDD0 /* SSKeychain.m in Sources */ = {isa = PBXBuildFile; fileRef = 8966D5561CAC7EC900A8BDD0 /* SSKeychain.m */; };
		8966D55A1CAC7EC900A8BDD0 /* SSKeychainQuery.m in Sources */ = {isa = PBXBuildFile; fileRef = 8966D5581CAC7EC900A8BDD0 /* SSKeychainQuery.m */; };
		8966D56F1CAC7EF100A8BDD0 /* Alamofire.swift in Sources */ = {isa = PBXBuildFile; fileRef = 8966D55C1CAC7EF100A8BDD0 /* Alamofire.swift */; };
		8966D5701CAC7EF100A8BDD0 /* Download.swift in Sources */ = {isa = PBXBuildFile; fileRef = 8966D55D1CAC7EF100A8BDD0 /* Download.swift */; };
		8966D5711CAC7EF100A8BDD0 /* Error.swift in Sources */ = {isa = PBXBuildFile; fileRef = 8966D55E1CAC7EF100A8BDD0 /* Error.swift */; };
		8966D5741CAC7EF100A8BDD0 /* Manager.swift in Sources */ = {isa = PBXBuildFile; fileRef = 8966D5611CAC7EF100A8BDD0 /* Manager.swift */; };
		8966D5751CAC7EF100A8BDD0 /* MultipartFormData.swift in Sources */ = {isa = PBXBuildFile; fileRef = 8966D5621CAC7EF100A8BDD0 /* MultipartFormData.swift */; };
		8966D5761CAC7EF100A8BDD0 /* NetworkReachabilityManager.swift in Sources */ = {isa = PBXBuildFile; fileRef = 8966D5631CAC7EF100A8BDD0 /* NetworkReachabilityManager.swift */; };
		8966D5771CAC7EF100A8BDD0 /* Notifications.swift in Sources */ = {isa = PBXBuildFile; fileRef = 8966D5641CAC7EF100A8BDD0 /* Notifications.swift */; };
		8966D5781CAC7EF100A8BDD0 /* ParameterEncoding.swift in Sources */ = {isa = PBXBuildFile; fileRef = 8966D5651CAC7EF100A8BDD0 /* ParameterEncoding.swift */; };
		8966D5791CAC7EF100A8BDD0 /* Request.swift in Sources */ = {isa = PBXBuildFile; fileRef = 8966D5661CAC7EF100A8BDD0 /* Request.swift */; };
		8966D57A1CAC7EF100A8BDD0 /* Response.swift in Sources */ = {isa = PBXBuildFile; fileRef = 8966D5671CAC7EF100A8BDD0 /* Response.swift */; };
		8966D57B1CAC7EF100A8BDD0 /* ResponseSerialization.swift in Sources */ = {isa = PBXBuildFile; fileRef = 8966D5681CAC7EF100A8BDD0 /* ResponseSerialization.swift */; };
		8966D57C1CAC7EF100A8BDD0 /* Result.swift in Sources */ = {isa = PBXBuildFile; fileRef = 8966D5691CAC7EF100A8BDD0 /* Result.swift */; };
		8966D57D1CAC7EF100A8BDD0 /* ServerTrustPolicy.swift in Sources */ = {isa = PBXBuildFile; fileRef = 8966D56A1CAC7EF100A8BDD0 /* ServerTrustPolicy.swift */; };
		8966D57E1CAC7EF100A8BDD0 /* Stream.swift in Sources */ = {isa = PBXBuildFile; fileRef = 8966D56B1CAC7EF100A8BDD0 /* Stream.swift */; };
		8966D57F1CAC7EF100A8BDD0 /* Timeline.swift in Sources */ = {isa = PBXBuildFile; fileRef = 8966D56C1CAC7EF100A8BDD0 /* Timeline.swift */; };
		8966D5801CAC7EF100A8BDD0 /* Upload.swift in Sources */ = {isa = PBXBuildFile; fileRef = 8966D56D1CAC7EF100A8BDD0 /* Upload.swift */; };
		8966D5811CAC7EF100A8BDD0 /* Validation.swift in Sources */ = {isa = PBXBuildFile; fileRef = 8966D56E1CAC7EF100A8BDD0 /* Validation.swift */; };
		8966D5831CAC7F7C00A8BDD0 /* Tweet.swift in Sources */ = {isa = PBXBuildFile; fileRef = 8966D5821CAC7F7C00A8BDD0 /* Tweet.swift */; };
		89E50FC81CAF1F4800C0278C /* twitterTableViewController.swift in Sources */ = {isa = PBXBuildFile; fileRef = 89E50FC71CAF1F4800C0278C /* twitterTableViewController.swift */; };
		89E50FCA1CAF28B600C0278C /* addTweetTableViewController.swift in Sources */ = {isa = PBXBuildFile; fileRef = 89E50FC91CAF28B600C0278C /* addTweetTableViewController.swift */; };
/* End PBXBuildFile section */

/* Begin PBXContainerItemProxy section */
		8966D5361CAC7E7200A8BDD0 /* PBXContainerItemProxy */ = {
			isa = PBXContainerItemProxy;
			containerPortal = 8966D5191CAC7E7200A8BDD0 /* Project object */;
			proxyType = 1;
			remoteGlobalIDString = 8966D5201CAC7E7200A8BDD0;
			remoteInfo = Twitter;
		};
		8966D5411CAC7E7200A8BDD0 /* PBXContainerItemProxy */ = {
			isa = PBXContainerItemProxy;
			containerPortal = 8966D5191CAC7E7200A8BDD0 /* Project object */;
			proxyType = 1;
			remoteGlobalIDString = 8966D5201CAC7E7200A8BDD0;
			remoteInfo = Twitter;
		};
/* End PBXContainerItemProxy section */

/* Begin PBXFileReference section */
		893093C21CB34E2E0044E208 /* AlamofireNetworkActivityIndicator.h */ = {isa = PBXFileReference; fileEncoding = 4; lastKnownFileType = sourcecode.c.h; path = AlamofireNetworkActivityIndicator.h; sourceTree = "<group>"; };
		893093C31CB34E2E0044E208 /* NetworkActivityIndicatorManager.swift */ = {isa = PBXFileReference; fileEncoding = 4; lastKnownFileType = sourcecode.swift; path = NetworkActivityIndicatorManager.swift; sourceTree = "<group>"; };
		8966D5211CAC7E7200A8BDD0 /* Twitter.app */ = {isa = PBXFileReference; explicitFileType = wrapper.application; includeInIndex = 0; path = Twitter.app; sourceTree = BUILT_PRODUCTS_DIR; };
		8966D5241CAC7E7200A8BDD0 /* AppDelegate.swift */ = {isa = PBXFileReference; lastKnownFileType = sourcecode.swift; path = AppDelegate.swift; sourceTree = "<group>"; };
		8966D5261CAC7E7200A8BDD0 /* ViewController.swift */ = {isa = PBXFileReference; lastKnownFileType = sourcecode.swift; path = ViewController.swift; sourceTree = "<group>"; };
		8966D5291CAC7E7200A8BDD0 /* Base */ = {isa = PBXFileReference; lastKnownFileType = file.storyboard; name = Base; path = Base.lproj/Main.storyboard; sourceTree = "<group>"; };
		8966D52B1CAC7E7200A8BDD0 /* Assets.xcassets */ = {isa = PBXFileReference; lastKnownFileType = folder.assetcatalog; path = Assets.xcassets; sourceTree = "<group>"; };
		8966D52E1CAC7E7200A8BDD0 /* Base */ = {isa = PBXFileReference; lastKnownFileType = file.storyboard; name = Base; path = Base.lproj/LaunchScreen.storyboard; sourceTree = "<group>"; };
		8966D5301CAC7E7200A8BDD0 /* Info.plist */ = {isa = PBXFileReference; lastKnownFileType = text.plist.xml; path = Info.plist; sourceTree = "<group>"; };
		8966D5351CAC7E7200A8BDD0 /* TwitterTests.xctest */ = {isa = PBXFileReference; explicitFileType = wrapper.cfbundle; includeInIndex = 0; path = TwitterTests.xctest; sourceTree = BUILT_PRODUCTS_DIR; };
		8966D5391CAC7E7200A8BDD0 /* TwitterTests.swift */ = {isa = PBXFileReference; lastKnownFileType = sourcecode.swift; path = TwitterTests.swift; sourceTree = "<group>"; };
		8966D53B1CAC7E7200A8BDD0 /* Info.plist */ = {isa = PBXFileReference; lastKnownFileType = text.plist.xml; path = Info.plist; sourceTree = "<group>"; };
		8966D5401CAC7E7200A8BDD0 /* TwitterUITests.xctest */ = {isa = PBXFileReference; explicitFileType = wrapper.cfbundle; includeInIndex = 0; path = TwitterUITests.xctest; sourceTree = BUILT_PRODUCTS_DIR; };
		8966D5441CAC7E7200A8BDD0 /* TwitterUITests.swift */ = {isa = PBXFileReference; lastKnownFileType = sourcecode.swift; path = TwitterUITests.swift; sourceTree = "<group>"; };
		8966D5461CAC7E7200A8BDD0 /* Info.plist */ = {isa = PBXFileReference; lastKnownFileType = text.plist.xml; path = Info.plist; sourceTree = "<group>"; };
		8966D5541CAC7EC800A8BDD0 /* Twitter-Bridging-Header.h */ = {isa = PBXFileReference; lastKnownFileType = sourcecode.c.h; path = "Twitter-Bridging-Header.h"; sourceTree = "<group>"; };
		8966D5551CAC7EC900A8BDD0 /* SSKeychain.h */ = {isa = PBXFileReference; fileEncoding = 4; lastKnownFileType = sourcecode.c.h; path = SSKeychain.h; sourceTree = "<group>"; };
		8966D5561CAC7EC900A8BDD0 /* SSKeychain.m */ = {isa = PBXFileReference; fileEncoding = 4; lastKnownFileType = sourcecode.c.objc; path = SSKeychain.m; sourceTree = "<group>"; };
		8966D5571CAC7EC900A8BDD0 /* SSKeychainQuery.h */ = {isa = PBXFileReference; fileEncoding = 4; lastKnownFileType = sourcecode.c.h; path = SSKeychainQuery.h; sourceTree = "<group>"; };
		8966D5581CAC7EC900A8BDD0 /* SSKeychainQuery.m */ = {isa = PBXFileReference; fileEncoding = 4; lastKnownFileType = sourcecode.c.objc; path = SSKeychainQuery.m; sourceTree = "<group>"; };
		8966D55B1CAC7EF100A8BDD0 /* Alamofire.h */ = {isa = PBXFileReference; fileEncoding = 4; lastKnownFileType = sourcecode.c.h; path = Alamofire.h; sourceTree = "<group>"; };
		8966D55C1CAC7EF100A8BDD0 /* Alamofire.swift */ = {isa = PBXFileReference; fileEncoding = 4; lastKnownFileType = sourcecode.swift; path = Alamofire.swift; sourceTree = "<group>"; };
		8966D55D1CAC7EF100A8BDD0 /* Download.swift */ = {isa = PBXFileReference; fileEncoding = 4; lastKnownFileType = sourcecode.swift; path = Download.swift; sourceTree = "<group>"; };
		8966D55E1CAC7EF100A8BDD0 /* Error.swift */ = {isa = PBXFileReference; fileEncoding = 4; lastKnownFileType = sourcecode.swift; path = Error.swift; sourceTree = "<group>"; };
		8966D5611CAC7EF100A8BDD0 /* Manager.swift */ = {isa = PBXFileReference; fileEncoding = 4; lastKnownFileType = sourcecode.swift; path = Manager.swift; sourceTree = "<group>"; };
		8966D5621CAC7EF100A8BDD0 /* MultipartFormData.swift */ = {isa = PBXFileReference; fileEncoding = 4; lastKnownFileType = sourcecode.swift; path = MultipartFormData.swift; sourceTree = "<group>"; };
		8966D5631CAC7EF100A8BDD0 /* NetworkReachabilityManager.swift */ = {isa = PBXFileReference; fileEncoding = 4; lastKnownFileType = sourcecode.swift; path = NetworkReachabilityManager.swift; sourceTree = "<group>"; };
		8966D5641CAC7EF100A8BDD0 /* Notifications.swift */ = {isa = PBXFileReference; fileEncoding = 4; lastKnownFileType = sourcecode.swift; path = Notifications.swift; sourceTree = "<group>"; };
		8966D5651CAC7EF100A8BDD0 /* ParameterEncoding.swift */ = {isa = PBXFileReference; fileEncoding = 4; lastKnownFileType = sourcecode.swift; path = ParameterEncoding.swift; sourceTree = "<group>"; };
		8966D5661CAC7EF100A8BDD0 /* Request.swift */ = {isa = PBXFileReference; fileEncoding = 4; lastKnownFileType = sourcecode.swift; path = Request.swift; sourceTree = "<group>"; };
		8966D5671CAC7EF100A8BDD0 /* Response.swift */ = {isa = PBXFileReference; fileEncoding = 4; lastKnownFileType = sourcecode.swift; path = Response.swift; sourceTree = "<group>"; };
		8966D5681CAC7EF100A8BDD0 /* ResponseSerialization.swift */ = {isa = PBXFileReference; fileEncoding = 4; lastKnownFileType = sourcecode.swift; path = ResponseSerialization.swift; sourceTree = "<group>"; };
		8966D5691CAC7EF100A8BDD0 /* Result.swift */ = {isa = PBXFileReference; fileEncoding = 4; lastKnownFileType = sourcecode.swift; path = Result.swift; sourceTree = "<group>"; };
		8966D56A1CAC7EF100A8BDD0 /* ServerTrustPolicy.swift */ = {isa = PBXFileReference; fileEncoding = 4; lastKnownFileType = sourcecode.swift; path = ServerTrustPolicy.swift; sourceTree = "<group>"; };
		8966D56B1CAC7EF100A8BDD0 /* Stream.swift */ = {isa = PBXFileReference; fileEncoding = 4; lastKnownFileType = sourcecode.swift; path = Stream.swift; sourceTree = "<group>"; };
		8966D56C1CAC7EF100A8BDD0 /* Timeline.swift */ = {isa = PBXFileReference; fileEncoding = 4; lastKnownFileType = sourcecode.swift; path = Timeline.swift; sourceTree = "<group>"; };
		8966D56D1CAC7EF100A8BDD0 /* Upload.swift */ = {isa = PBXFileReference; fileEncoding = 4; lastKnownFileType = sourcecode.swift; path = Upload.swift; sourceTree = "<group>"; };
		8966D56E1CAC7EF100A8BDD0 /* Validation.swift */ = {isa = PBXFileReference; fileEncoding = 4; lastKnownFileType = sourcecode.swift; path = Validation.swift; sourceTree = "<group>"; };
		8966D5821CAC7F7C00A8BDD0 /* Tweet.swift */ = {isa = PBXFileReference; fileEncoding = 4; lastKnownFileType = sourcecode.swift; path = Tweet.swift; sourceTree = "<group>"; };
		89E50FC71CAF1F4800C0278C /* twitterTableViewController.swift */ = {isa = PBXFileReference; fileEncoding = 4; lastKnownFileType = sourcecode.swift; path = twitterTableViewController.swift; sourceTree = "<group>"; };
		89E50FC91CAF28B600C0278C /* addTweetTableViewController.swift */ = {isa = PBXFileReference; fileEncoding = 4; lastKnownFileType = sourcecode.swift; path = addTweetTableViewController.swift; sourceTree = "<group>"; };
/* End PBXFileReference section */

/* Begin PBXFrameworksBuildPhase section */
		8966D51E1CAC7E7200A8BDD0 /* Frameworks */ = {
			isa = PBXFrameworksBuildPhase;
			buildActionMask = 2147483647;
			files = (
			);
			runOnlyForDeploymentPostprocessing = 0;
		};
		8966D5321CAC7E7200A8BDD0 /* Frameworks */ = {
			isa = PBXFrameworksBuildPhase;
			buildActionMask = 2147483647;
			files = (
			);
			runOnlyForDeploymentPostprocessing = 0;
		};
		8966D53D1CAC7E7200A8BDD0 /* Frameworks */ = {
			isa = PBXFrameworksBuildPhase;
			buildActionMask = 2147483647;
			files = (
			);
			runOnlyForDeploymentPostprocessing = 0;
		};
/* End PBXFrameworksBuildPhase section */

/* Begin PBXGroup section */
		893093C11CB34E0E0044E208 /* ActivityIndicator */ = {
			isa = PBXGroup;
			children = (
				893093C21CB34E2E0044E208 /* AlamofireNetworkActivityIndicator.h */,
				893093C31CB34E2E0044E208 /* NetworkActivityIndicatorManager.swift */,
			);
			name = ActivityIndicator;
			sourceTree = "<group>";
		};
		8966D5181CAC7E7200A8BDD0 = {
			isa = PBXGroup;
			children = (
				893093C11CB34E0E0044E208 /* ActivityIndicator */,
				8966D5521CAC7E8500A8BDD0 /* Alamofire */,
				8966D5531CAC7E8E00A8BDD0 /* KeyChain */,
				8966D5231CAC7E7200A8BDD0 /* Twitter */,
				8966D5381CAC7E7200A8BDD0 /* TwitterTests */,
				8966D5431CAC7E7200A8BDD0 /* TwitterUITests */,
				8966D5221CAC7E7200A8BDD0 /* Products */,
			);
			sourceTree = "<group>";
		};
		8966D5221CAC7E7200A8BDD0 /* Products */ = {
			isa = PBXGroup;
			children = (
				8966D5211CAC7E7200A8BDD0 /* Twitter.app */,
				8966D5351CAC7E7200A8BDD0 /* TwitterTests.xctest */,
				8966D5401CAC7E7200A8BDD0 /* TwitterUITests.xctest */,
			);
			name = Products;
			sourceTree = "<group>";
		};
		8966D5231CAC7E7200A8BDD0 /* Twitter */ = {
			isa = PBXGroup;
			children = (
				8966D5241CAC7E7200A8BDD0 /* AppDelegate.swift */,
				8966D5261CAC7E7200A8BDD0 /* ViewController.swift */,
				8966D5281CAC7E7200A8BDD0 /* Main.storyboard */,
				89E50FC91CAF28B600C0278C /* addTweetTableViewController.swift */,
				89E50FC71CAF1F4800C0278C /* twitterTableViewController.swift */,
				8966D5821CAC7F7C00A8BDD0 /* Tweet.swift */,
				8966D52B1CAC7E7200A8BDD0 /* Assets.xcassets */,
				8966D52D1CAC7E7200A8BDD0 /* LaunchScreen.storyboard */,
				8966D5301CAC7E7200A8BDD0 /* Info.plist */,
			);
			path = Twitter;
			sourceTree = "<group>";
		};
		8966D5381CAC7E7200A8BDD0 /* TwitterTests */ = {
			isa = PBXGroup;
			children = (
				8966D5391CAC7E7200A8BDD0 /* TwitterTests.swift */,
				8966D53B1CAC7E7200A8BDD0 /* Info.plist */,
			);
			path = TwitterTests;
			sourceTree = "<group>";
		};
		8966D5431CAC7E7200A8BDD0 /* TwitterUITests */ = {
			isa = PBXGroup;
			children = (
				8966D5441CAC7E7200A8BDD0 /* TwitterUITests.swift */,
				8966D5461CAC7E7200A8BDD0 /* Info.plist */,
			);
			path = TwitterUITests;
			sourceTree = "<group>";
		};
		8966D5521CAC7E8500A8BDD0 /* Alamofire */ = {
			isa = PBXGroup;
			children = (
				8966D55B1CAC7EF100A8BDD0 /* Alamofire.h */,
				8966D55C1CAC7EF100A8BDD0 /* Alamofire.swift */,
				8966D55D1CAC7EF100A8BDD0 /* Download.swift */,
				8966D55E1CAC7EF100A8BDD0 /* Error.swift */,
				8966D5611CAC7EF100A8BDD0 /* Manager.swift */,
				8966D5621CAC7EF100A8BDD0 /* MultipartFormData.swift */,
				8966D5631CAC7EF100A8BDD0 /* NetworkReachabilityManager.swift */,
				8966D5641CAC7EF100A8BDD0 /* Notifications.swift */,
				8966D5651CAC7EF100A8BDD0 /* ParameterEncoding.swift */,
				8966D5661CAC7EF100A8BDD0 /* Request.swift */,
				8966D5671CAC7EF100A8BDD0 /* Response.swift */,
				8966D5681CAC7EF100A8BDD0 /* ResponseSerialization.swift */,
				8966D5691CAC7EF100A8BDD0 /* Result.swift */,
				8966D56A1CAC7EF100A8BDD0 /* ServerTrustPolicy.swift */,
				8966D56B1CAC7EF100A8BDD0 /* Stream.swift */,
				8966D56C1CAC7EF100A8BDD0 /* Timeline.swift */,
				8966D56D1CAC7EF100A8BDD0 /* Upload.swift */,
				8966D56E1CAC7EF100A8BDD0 /* Validation.swift */,
			);
			name = Alamofire;
			sourceTree = "<group>";
		};
		8966D5531CAC7E8E00A8BDD0 /* KeyChain */ = {
			isa = PBXGroup;
			children = (
				8966D5551CAC7EC900A8BDD0 /* SSKeychain.h */,
				8966D5561CAC7EC900A8BDD0 /* SSKeychain.m */,
				8966D5571CAC7EC900A8BDD0 /* SSKeychainQuery.h */,
				8966D5581CAC7EC900A8BDD0 /* SSKeychainQuery.m */,
				8966D5541CAC7EC800A8BDD0 /* Twitter-Bridging-Header.h */,
			);
			name = KeyChain;
			sourceTree = "<group>";
		};
/* End PBXGroup section */

/* Begin PBXNativeTarget section */
		8966D5201CAC7E7200A8BDD0 /* Twitter */ = {
			isa = PBXNativeTarget;
			buildConfigurationList = 8966D5491CAC7E7200A8BDD0 /* Build configuration list for PBXNativeTarget "Twitter" */;
			buildPhases = (
				8966D51D1CAC7E7200A8BDD0 /* Sources */,
				8966D51E1CAC7E7200A8BDD0 /* Frameworks */,
				8966D51F1CAC7E7200A8BDD0 /* Resources */,
			);
			buildRules = (
			);
			dependencies = (
			);
			name = Twitter;
			productName = Twitter;
			productReference = 8966D5211CAC7E7200A8BDD0 /* Twitter.app */;
			productType = "com.apple.product-type.application";
		};
		8966D5341CAC7E7200A8BDD0 /* TwitterTests */ = {
			isa = PBXNativeTarget;
			buildConfigurationList = 8966D54C1CAC7E7200A8BDD0 /* Build configuration list for PBXNativeTarget "TwitterTests" */;
			buildPhases = (
				8966D5311CAC7E7200A8BDD0 /* Sources */,
				8966D5321CAC7E7200A8BDD0 /* Frameworks */,
				8966D5331CAC7E7200A8BDD0 /* Resources */,
			);
			buildRules = (
			);
			dependencies = (
				8966D5371CAC7E7200A8BDD0 /* PBXTargetDependency */,
			);
			name = TwitterTests;
			productName = TwitterTests;
			productReference = 8966D5351CAC7E7200A8BDD0 /* TwitterTests.xctest */;
			productType = "com.apple.product-type.bundle.unit-test";
		};
		8966D53F1CAC7E7200A8BDD0 /* TwitterUITests */ = {
			isa = PBXNativeTarget;
			buildConfigurationList = 8966D54F1CAC7E7200A8BDD0 /* Build configuration list for PBXNativeTarget "TwitterUITests" */;
			buildPhases = (
				8966D53C1CAC7E7200A8BDD0 /* Sources */,
				8966D53D1CAC7E7200A8BDD0 /* Frameworks */,
				8966D53E1CAC7E7200A8BDD0 /* Resources */,
			);
			buildRules = (
			);
			dependencies = (
				8966D5421CAC7E7200A8BDD0 /* PBXTargetDependency */,
			);
			name = TwitterUITests;
			productName = TwitterUITests;
			productReference = 8966D5401CAC7E7200A8BDD0 /* TwitterUITests.xctest */;
			productType = "com.apple.product-type.bundle.ui-testing";
		};
/* End PBXNativeTarget section */

/* Begin PBXProject section */
		8966D5191CAC7E7200A8BDD0 /* Project object */ = {
			isa = PBXProject;
			attributes = {
				LastSwiftUpdateCheck = 0720;
				LastUpgradeCheck = 0720;
				ORGANIZATIONNAME = "Daniil Sergeyevich Martyn";
				TargetAttributes = {
					8966D5201CAC7E7200A8BDD0 = {
						CreatedOnToolsVersion = 7.2;
					};
					8966D5341CAC7E7200A8BDD0 = {
						CreatedOnToolsVersion = 7.2;
						TestTargetID = 8966D5201CAC7E7200A8BDD0;
					};
					8966D53F1CAC7E7200A8BDD0 = {
						CreatedOnToolsVersion = 7.2;
						TestTargetID = 8966D5201CAC7E7200A8BDD0;
					};
				};
			};
			buildConfigurationList = 8966D51C1CAC7E7200A8BDD0 /* Build configuration list for PBXProject "Twitter" */;
			compatibilityVersion = "Xcode 3.2";
			developmentRegion = English;
			hasScannedForEncodings = 0;
			knownRegions = (
				en,
				Base,
			);
			mainGroup = 8966D5181CAC7E7200A8BDD0;
			productRefGroup = 8966D5221CAC7E7200A8BDD0 /* Products */;
			projectDirPath = "";
			projectRoot = "";
			targets = (
				8966D5201CAC7E7200A8BDD0 /* Twitter */,
				8966D5341CAC7E7200A8BDD0 /* TwitterTests */,
				8966D53F1CAC7E7200A8BDD0 /* TwitterUITests */,
			);
		};
/* End PBXProject section */

/* Begin PBXResourcesBuildPhase section */
		8966D51F1CAC7E7200A8BDD0 /* Resources */ = {
			isa = PBXResourcesBuildPhase;
			buildActionMask = 2147483647;
			files = (
				8966D52F1CAC7E7200A8BDD0 /* LaunchScreen.storyboard in Resources */,
				8966D52C1CAC7E7200A8BDD0 /* Assets.xcassets in Resources */,
				8966D52A1CAC7E7200A8BDD0 /* Main.storyboard in Resources */,
			);
			runOnlyForDeploymentPostprocessing = 0;
		};
		8966D5331CAC7E7200A8BDD0 /* Resources */ = {
			isa = PBXResourcesBuildPhase;
			buildActionMask = 2147483647;
			files = (
			);
			runOnlyForDeploymentPostprocessing = 0;
		};
		8966D53E1CAC7E7200A8BDD0 /* Resources */ = {
			isa = PBXResourcesBuildPhase;
			buildActionMask = 2147483647;
			files = (
			);
			runOnlyForDeploymentPostprocessing = 0;
		};
/* End PBXResourcesBuildPhase section */

/* Begin PBXSourcesBuildPhase section */
		8966D51D1CAC7E7200A8BDD0 /* Sources */ = {
			isa = PBXSourcesBuildPhase;
			buildActionMask = 2147483647;
			files = (
				8966D5761CAC7EF100A8BDD0 /* NetworkReachabilityManager.swift in Sources */,
				8966D5791CAC7EF100A8BDD0 /* Request.swift in Sources */,
				8966D55A1CAC7EC900A8BDD0 /* SSKeychainQuery.m in Sources */,
				8966D5771CAC7EF100A8BDD0 /* Notifications.swift in Sources */,
				893093C41CB34E2E0044E208 /* NetworkActivityIndicatorManager.swift in Sources */,
				8966D56F1CAC7EF100A8BDD0 /* Alamofire.swift in Sources */,
				8966D5271CAC7E7200A8BDD0 /* ViewController.swift in Sources */,
				8966D57C1CAC7EF100A8BDD0 /* Result.swift in Sources */,
				8966D57E1CAC7EF100A8BDD0 /* Stream.swift in Sources */,
				8966D57A1CAC7EF100A8BDD0 /* Response.swift in Sources */,
				8966D5741CAC7EF100A8BDD0 /* Manager.swift in Sources */,
				8966D5781CAC7EF100A8BDD0 /* ParameterEncoding.swift in Sources */,
				8966D5701CAC7EF100A8BDD0 /* Download.swift in Sources */,
				8966D57F1CAC7EF100A8BDD0 /* Timeline.swift in Sources */,
				89E50FC81CAF1F4800C0278C /* twitterTableViewController.swift in Sources */,
				8966D5811CAC7EF100A8BDD0 /* Validation.swift in Sources */,
				89E50FCA1CAF28B600C0278C /* addTweetTableViewController.swift in Sources */,
				8966D57D1CAC7EF100A8BDD0 /* ServerTrustPolicy.swift in Sources */,
				8966D5251CAC7E7200A8BDD0 /* AppDelegate.swift in Sources */,
				8966D5751CAC7EF100A8BDD0 /* MultipartFormData.swift in Sources */,
				8966D5801CAC7EF100A8BDD0 /* Upload.swift in Sources */,
				8966D5711CAC7EF100A8BDD0 /* Error.swift in Sources */,
				8966D57B1CAC7EF100A8BDD0 /* ResponseSerialization.swift in Sources */,
				8966D5591CAC7EC900A8BDD0 /* SSKeychain.m in Sources */,
				8966D5831CAC7F7C00A8BDD0 /* Tweet.swift in Sources */,
			);
			runOnlyForDeploymentPostprocessing = 0;
		};
		8966D5311CAC7E7200A8BDD0 /* Sources */ = {
			isa = PBXSourcesBuildPhase;
			buildActionMask = 2147483647;
			files = (
				8966D53A1CAC7E7200A8BDD0 /* TwitterTests.swift in Sources */,
			);
			runOnlyForDeploymentPostprocessing = 0;
		};
		8966D53C1CAC7E7200A8BDD0 /* Sources */ = {
			isa = PBXSourcesBuildPhase;
			buildActionMask = 2147483647;
			files = (
				8966D5451CAC7E7200A8BDD0 /* TwitterUITests.swift in Sources */,
			);
			runOnlyForDeploymentPostprocessing = 0;
		};
/* End PBXSourcesBuildPhase section */

/* Begin PBXTargetDependency section */
		8966D5371CAC7E7200A8BDD0 /* PBXTargetDependency */ = {
			isa = PBXTargetDependency;
			target = 8966D5201CAC7E7200A8BDD0 /* Twitter */;
			targetProxy = 8966D5361CAC7E7200A8BDD0 /* PBXContainerItemProxy */;
		};
		8966D5421CAC7E7200A8BDD0 /* PBXTargetDependency */ = {
			isa = PBXTargetDependency;
			target = 8966D5201CAC7E7200A8BDD0 /* Twitter */;
			targetProxy = 8966D5411CAC7E7200A8BDD0 /* PBXContainerItemProxy */;
		};
/* End PBXTargetDependency section */

/* Begin PBXVariantGroup section */
		8966D5281CAC7E7200A8BDD0 /* Main.storyboard */ = {
			isa = PBXVariantGroup;
			children = (
				8966D5291CAC7E7200A8BDD0 /* Base */,
			);
			name = Main.storyboard;
			sourceTree = "<group>";
		};
		8966D52D1CAC7E7200A8BDD0 /* LaunchScreen.storyboard */ = {
			isa = PBXVariantGroup;
			children = (
				8966D52E1CAC7E7200A8BDD0 /* Base */,
			);
			name = LaunchScreen.storyboard;
			sourceTree = "<group>";
		};
/* End PBXVariantGroup section */

/* Begin XCBuildConfiguration section */
		8966D5471CAC7E7200A8BDD0 /* Debug */ = {
			isa = XCBuildConfiguration;
			buildSettings = {
				ALWAYS_SEARCH_USER_PATHS = NO;
				CLANG_CXX_LANGUAGE_STANDARD = "gnu++0x";
				CLANG_CXX_LIBRARY = "libc++";
				CLANG_ENABLE_MODULES = YES;
				CLANG_ENABLE_OBJC_ARC = YES;
				CLANG_WARN_BOOL_CONVERSION = YES;
				CLANG_WARN_CONSTANT_CONVERSION = YES;
				CLANG_WARN_DIRECT_OBJC_ISA_USAGE = YES_ERROR;
				CLANG_WARN_EMPTY_BODY = YES;
				CLANG_WARN_ENUM_CONVERSION = YES;
				CLANG_WARN_INT_CONVERSION = YES;
				CLANG_WARN_OBJC_ROOT_CLASS = YES_ERROR;
				CLANG_WARN_UNREACHABLE_CODE = YES;
				CLANG_WARN__DUPLICATE_METHOD_MATCH = YES;
				"CODE_SIGN_IDENTITY[sdk=iphoneos*]" = "iPhone Developer";
				COPY_PHASE_STRIP = NO;
				DEBUG_INFORMATION_FORMAT = dwarf;
				ENABLE_STRICT_OBJC_MSGSEND = YES;
				ENABLE_TESTABILITY = YES;
				GCC_C_LANGUAGE_STANDARD = gnu99;
				GCC_DYNAMIC_NO_PIC = NO;
				GCC_NO_COMMON_BLOCKS = YES;
				GCC_OPTIMIZATION_LEVEL = 0;
				GCC_PREPROCESSOR_DEFINITIONS = (
					"DEBUG=1",
					"$(inherited)",
				);
				GCC_WARN_64_TO_32_BIT_CONVERSION = YES;
				GCC_WARN_ABOUT_RETURN_TYPE = YES_ERROR;
				GCC_WARN_UNDECLARED_SELECTOR = YES;
				GCC_WARN_UNINITIALIZED_AUTOS = YES_AGGRESSIVE;
				GCC_WARN_UNUSED_FUNCTION = YES;
				GCC_WARN_UNUSED_VARIABLE = YES;
				IPHONEOS_DEPLOYMENT_TARGET = 9.2;
				MTL_ENABLE_DEBUG_INFO = YES;
				ONLY_ACTIVE_ARCH = YES;
				SDKROOT = iphoneos;
				SWIFT_OPTIMIZATION_LEVEL = "-Onone";
				TARGETED_DEVICE_FAMILY = "1,2";
			};
			name = Debug;
		};
		8966D5481CAC7E7200A8BDD0 /* Release */ = {
			isa = XCBuildConfiguration;
			buildSettings = {
				ALWAYS_SEARCH_USER_PATHS = NO;
				CLANG_CXX_LANGUAGE_STANDARD = "gnu++0x";
				CLANG_CXX_LIBRARY = "libc++";
				CLANG_ENABLE_MODULES = YES;
				CLANG_ENABLE_OBJC_ARC = YES;
				CLANG_WARN_BOOL_CONVERSION = YES;
				CLANG_WARN_CONSTANT_CONVERSION = YES;
				CLANG_WARN_DIRECT_OBJC_ISA_USAGE = YES_ERROR;
				CLANG_WARN_EMPTY_BODY = YES;
				CLANG_WARN_ENUM_CONVERSION = YES;
				CLANG_WARN_INT_CONVERSION = YES;
				CLANG_WARN_OBJC_ROOT_CLASS = YES_ERROR;
				CLANG_WARN_UNREACHABLE_CODE = YES;
				CLANG_WARN__DUPLICATE_METHOD_MATCH = YES;
				"CODE_SIGN_IDENTITY[sdk=iphoneos*]" = "iPhone Developer";
				COPY_PHASE_STRIP = NO;
				DEBUG_INFORMATION_FORMAT = "dwarf-with-dsym";
				ENABLE_NS_ASSERTIONS = NO;
				ENABLE_STRICT_OBJC_MSGSEND = YES;
				GCC_C_LANGUAGE_STANDARD = gnu99;
				GCC_NO_COMMON_BLOCKS = YES;
				GCC_WARN_64_TO_32_BIT_CONVERSION = YES;
				GCC_WARN_ABOUT_RETURN_TYPE = YES_ERROR;
				GCC_WARN_UNDECLARED_SELECTOR = YES;
				GCC_WARN_UNINITIALIZED_AUTOS = YES_AGGRESSIVE;
				GCC_WARN_UNUSED_FUNCTION = YES;
				GCC_WARN_UNUSED_VARIABLE = YES;
				IPHONEOS_DEPLOYMENT_TARGET = 9.2;
				MTL_ENABLE_DEBUG_INFO = NO;
				SDKROOT = iphoneos;
				TARGETED_DEVICE_FAMILY = "1,2";
				VALIDATE_PRODUCT = YES;
			};
			name = Release;
		};
		8966D54A1CAC7E7200A8BDD0 /* Debug */ = {
			isa = XCBuildConfiguration;
			buildSettings = {
				ASSETCATALOG_COMPILER_APPICON_NAME = AppIcon;
				CLANG_ENABLE_MODULES = YES;
				INFOPLIST_FILE = Twitter/Info.plist;
				LD_RUNPATH_SEARCH_PATHS = "$(inherited) @executable_path/Frameworks";
				PRODUCT_BUNDLE_IDENTIFIER = WSUV.Twitter;
				PRODUCT_NAME = "$(TARGET_NAME)";
				SWIFT_OBJC_BRIDGING_HEADER = "Twitter-Bridging-Header.h";
				SWIFT_OPTIMIZATION_LEVEL = "-Onone";
			};
			name = Debug;
		};
		8966D54B1CAC7E7200A8BDD0 /* Release */ = {
			isa = XCBuildConfiguration;
			buildSettings = {
				ASSETCATALOG_COMPILER_APPICON_NAME = AppIcon;
				CLANG_ENABLE_MODULES = YES;
				INFOPLIST_FILE = Twitter/Info.plist;
				LD_RUNPATH_SEARCH_PATHS = "$(inherited) @executable_path/Frameworks";
				PRODUCT_BUNDLE_IDENTIFIER = WSUV.Twitter;
				PRODUCT_NAME = "$(TARGET_NAME)";
				SWIFT_OBJC_BRIDGING_HEADER = "Twitter-Bridging-Header.h";
			};
			name = Release;
		};
		8966D54D1CAC7E7200A8BDD0 /* Debug */ = {
			isa = XCBuildConfiguration;
			buildSettings = {
				BUNDLE_LOADER = "$(TEST_HOST)";
				INFOPLIST_FILE = TwitterTests/Info.plist;
				LD_RUNPATH_SEARCH_PATHS = "$(inherited) @executable_path/Frameworks @loader_path/Frameworks";
				PRODUCT_BUNDLE_IDENTIFIER = WSUV.TwitterTests;
				PRODUCT_NAME = "$(TARGET_NAME)";
				TEST_HOST = "$(BUILT_PRODUCTS_DIR)/Twitter.app/Twitter";
			};
			name = Debug;
		};
		8966D54E1CAC7E7200A8BDD0 /* Release */ = {
			isa = XCBuildConfiguration;
			buildSettings = {
				BUNDLE_LOADER = "$(TEST_HOST)";
				INFOPLIST_FILE = TwitterTests/Info.plist;
				LD_RUNPATH_SEARCH_PATHS = "$(inherited) @executable_path/Frameworks @loader_path/Frameworks";
				PRODUCT_BUNDLE_IDENTIFIER = WSUV.TwitterTests;
				PRODUCT_NAME = "$(TARGET_NAME)";
				TEST_HOST = "$(BUILT_PRODUCTS_DIR)/Twitter.app/Twitter";
			};
			name = Release;
		};
		8966D5501CAC7E7200A8BDD0 /* Debug */ = {
			isa = XCBuildConfiguration;
			buildSettings = {
				INFOPLIST_FILE = TwitterUITests/Info.plist;
				LD_RUNPATH_SEARCH_PATHS = "$(inherited) @executable_path/Frameworks @loader_path/Frameworks";
				PRODUCT_BUNDLE_IDENTIFIER = WSUV.TwitterUITests;
				PRODUCT_NAME = "$(TARGET_NAME)";
				TEST_TARGET_NAME = Twitter;
				USES_XCTRUNNER = YES;
			};
			name = Debug;
		};
		8966D5511CAC7E7200A8BDD0 /* Release */ = {
			isa = XCBuildConfiguration;
			buildSettings = {
				INFOPLIST_FILE = TwitterUITests/Info.plist;
				LD_RUNPATH_SEARCH_PATHS = "$(inherited) @executable_path/Frameworks @loader_path/Frameworks";
				PRODUCT_BUNDLE_IDENTIFIER = WSUV.TwitterUITests;
				PRODUCT_NAME = "$(TARGET_NAME)";
				TEST_TARGET_NAME = Twitter;
				USES_XCTRUNNER = YES;
			};
			name = Release;
		};
/* End XCBuildConfiguration section */

/* Begin XCConfigurationList section */
		8966D51C1CAC7E7200A8BDD0 /* Build configuration list for PBXProject "Twitter" */ = {
			isa = XCConfigurationList;
			buildConfigurations = (
				8966D5471CAC7E7200A8BDD0 /* Debug */,
				8966D5481CAC7E7200A8BDD0 /* Release */,
			);
			defaultConfigurationIsVisible = 0;
			defaultConfigurationName = Release;
		};
		8966D5491CAC7E7200A8BDD0 /* Build configuration list for PBXNativeTarget "Twitter" */ = {
			isa = XCConfigurationList;
			buildConfigurations = (
				8966D54A1CAC7E7200A8BDD0 /* Debug */,
				8966D54B1CAC7E7200A8BDD0 /* Release */,
			);
			defaultConfigurationIsVisible = 0;
			defaultConfigurationName = Release;
		};
		8966D54C1CAC7E7200A8BDD0 /* Build configuration list for PBXNativeTarget "TwitterTests" */ = {
			isa = XCConfigurationList;
			buildConfigurations = (
				8966D54D1CAC7E7200A8BDD0 /* Debug */,
				8966D54E1CAC7E7200A8BDD0 /* Release */,
			);
			defaultConfigurationIsVisible = 0;
			defaultConfigurationName = Release;
		};
		8966D54F1CAC7E7200A8BDD0 /* Build configuration list for PBXNativeTarget "TwitterUITests" */ = {
			isa = XCConfigurationList;
			buildConfigurations = (
				8966D5501CAC7E7200A8BDD0 /* Debug */,
				8966D5511CAC7E7200A8BDD0 /* Release */,
			);
			defaultConfigurationIsVisible = 0;
			defaultConfigurationName = Release;
		};
/* End XCConfigurationList section */
	};
	rootObject = 8966D5191CAC7E7200A8BDD0 /* Project object */;
}
